importers:
  .:
    specifiers: {}
  .github/actions/monorepo-changes:
    devDependencies:
      '@actions/core': 1.2.6
      '@actions/github': 4.0.0
    specifiers:
      '@actions/core': ^1.2.6
      '@actions/github': ^4.0.0
  packages/one:
    specifiers: {}
  packages/three:
    specifiers: {}
  packages/two:
    specifiers: {}
lockfileVersion: 5.2
packages:
  /@actions/core/1.2.6:
    dev: true
    resolution:
      integrity: sha512-ZQYitnqiyBc3D+k7LsgSBmMDVkOVidaagDG7j3fOym77jNunWRuYx7VSHa9GNfFZh+zh61xsCjRj4JxMZlDqTA==
  /@actions/github/4.0.0:
    dependencies:
      '@actions/http-client': 1.0.9
      '@octokit/core': 3.2.5
      '@octokit/plugin-paginate-rest': 2.9.1_@octokit+core@3.2.5
      '@octokit/plugin-rest-endpoint-methods': 4.10.1_@octokit+core@3.2.5
    dev: true
    resolution:
      integrity: sha512-Ej/Y2E+VV6sR9X7pWL5F3VgEWrABaT292DRqRU6R4hnQjPtC/zD3nagxVdXWiRQvYDh8kHXo7IDmG42eJ/dOMA==
  /@actions/http-client/1.0.9:
    dependencies:
      tunnel: 0.0.6
    dev: true
    resolution:
      integrity: sha512-0O4SsJ7q+MK0ycvXPl2e6bMXV7dxAXOGjrXS1eTF9s2S401Tp6c/P3c3Joz04QefC1J6Gt942Wl2jbm3f4mLcg==
  /@octokit/auth-token/2.4.5:
    dependencies:
      '@octokit/types': 6.8.2
    dev: true
    resolution:
      integrity: sha512-BpGYsPgJt05M7/L/5FoE1PiAbdxXFZkX/3kDYcsvd1v6UhlnE5e96dTDr0ezX/EFwciQxf3cNV0loipsURU+WA==
  /@octokit/core/3.2.5:
    dependencies:
      '@octokit/auth-token': 2.4.5
      '@octokit/graphql': 4.6.0
      '@octokit/request': 5.4.14
      '@octokit/types': 6.8.2
      before-after-hook: 2.1.1
      universal-user-agent: 6.0.0
    dev: true
    resolution:
      integrity: sha512-+DCtPykGnvXKWWQI0E1XD+CCeWSBhB6kwItXqfFmNBlIlhczuDPbg+P6BtLnVBaRJDAjv+1mrUJuRsFSjktopg==
  /@octokit/endpoint/6.0.11:
    dependencies:
      '@octokit/types': 6.8.2
      is-plain-object: 5.0.0
      universal-user-agent: 6.0.0
    dev: true
    resolution:
      integrity: sha512-fUIPpx+pZyoLW4GCs3yMnlj2LfoXTWDUVPTC4V3MUEKZm48W+XYpeWSZCv+vYF1ZABUm2CqnDVf1sFtIYrj7KQ==
  /@octokit/graphql/4.6.0:
    dependencies:
      '@octokit/request': 5.4.14
      '@octokit/types': 6.8.2
      universal-user-agent: 6.0.0
    dev: true
    resolution:
      integrity: sha512-CJ6n7izLFXLvPZaWzCQDjU/RP+vHiZmWdOunaCS87v+2jxMsW9FB5ktfIxybRBxZjxuJGRnxk7xJecWTVxFUYQ==
  /@octokit/openapi-types/4.0.1:
    dev: true
    resolution:
      integrity: sha512-k2hRcfcLRyPJjtYfJLzg404n7HZ6sUpAWAR/uNI8tf96NgatWOpw1ocdF+WFfx/trO1ivBh7ckynO1rn+xAw/Q==
  /@octokit/plugin-paginate-rest/2.9.1_@octokit+core@3.2.5:
    dependencies:
      '@octokit/core': 3.2.5
      '@octokit/types': 6.8.2
    dev: true
    peerDependencies:
      '@octokit/core': '>=2'
    resolution:
      integrity: sha512-8wnuWGjwDIEobbBet2xAjZwgiMVTgIer5wBsnGXzV3lJ4yqphLU2FEMpkhSrDx7y+WkZDfZ+V+1cFMZ1mAaFag==
  /@octokit/plugin-rest-endpoint-methods/4.10.1_@octokit+core@3.2.5:
    dependencies:
      '@octokit/core': 3.2.5
      '@octokit/types': 6.8.2
      deprecation: 2.3.1
    dev: true
    peerDependencies:
      '@octokit/core': '>=3'
    resolution:
      integrity: sha512-YGMiEidTORzgUmYZu0eH4q2k8kgQSHQMuBOBYiKxUYs/nXea4q/Ze6tDzjcRAPmHNJYXrENs1bEMlcdGKT+8ug==
  /@octokit/request-error/2.0.5:
    dependencies:
      '@octokit/types': 6.8.2
      deprecation: 2.3.1
      once: 1.4.0
    dev: true
    resolution:
      integrity: sha512-T/2wcCFyM7SkXzNoyVNWjyVlUwBvW3igM3Btr/eKYiPmucXTtkxt2RBsf6gn3LTzaLSLTQtNmvg+dGsOxQrjZg==
  /@octokit/request/5.4.14:
    dependencies:
      '@octokit/endpoint': 6.0.11
      '@octokit/request-error': 2.0.5
      '@octokit/types': 6.8.2
      deprecation: 2.3.1
      is-plain-object: 5.0.0
      node-fetch: 2.6.1
      once: 1.4.0
      universal-user-agent: 6.0.0
    dev: true
    resolution:
      integrity: sha512-VkmtacOIQp9daSnBmDI92xNIeLuSRDOIuplp/CJomkvzt7M18NXgG044Cx/LFKLgjKt9T2tZR6AtJayba9GTSA==
  /@octokit/types/6.8.2:
    dependencies:
      '@octokit/openapi-types': 4.0.1
      '@types/node': 14.14.25
    dev: true
    resolution:
      integrity: sha512-RpG0NJd7OKSkWptiFhy1xCLkThs5YoDIKM21lEtDmUvSpbaIEfrxzckWLUGDFfF8RydSyngo44gDv8m2hHruUg==
  /@types/node/14.14.25:
    dev: true
    resolution:
      integrity: sha512-EPpXLOVqDvisVxtlbvzfyqSsFeQxltFbluZNRndIb8tr9KiBnYNLzrc1N3pyKUCww2RNrfHDViqDWWE1LCJQtQ==
  /before-after-hook/2.1.1:
    dev: true
    resolution:
      integrity: sha512-5ekuQOvO04MDj7kYZJaMab2S8SPjGJbotVNyv7QYFCOAwrGZs/YnoDNlh1U+m5hl7H2D/+n0taaAV/tfyd3KMA==
  /deprecation/2.3.1:
    dev: true
    resolution:
      integrity: sha512-xmHIy4F3scKVwMsQ4WnVaS8bHOx0DmVwRywosKhaILI0ywMDWPtBSku2HNxRvF7jtwDRsoEwYQSfbxj8b7RlJQ==
  /is-plain-object/5.0.0:
    dev: true
    engines:
      node: '>=0.10.0'
    resolution:
      integrity: sha512-VRSzKkbMm5jMDoKLbltAkFQ5Qr7VDiTFGXxYFXXowVj387GeGNOCsOH6Msy00SGZ3Fp84b1Naa1psqgcCIEP5Q==
  /node-fetch/2.6.1:
    dev: true
    engines:
      node: 4.x || >=6.0.0
    resolution:
      integrity: sha512-V4aYg89jEoVRxRb2fJdAg8FHvI7cEyYdVAh94HH0UIK8oJxUfkjlDQN9RbMx+bEjP7+ggMiFRprSti032Oipxw==
  /once/1.4.0:
    dependencies:
      wrappy: 1.0.2
    dev: true
    resolution:
      integrity: sha1-WDsap3WWHUsROsF9nFC6753Xa9E=
  /tunnel/0.0.6:
    dev: true
    engines:
      node: '>=0.6.11 <=0.7.0 || >=0.7.3'
    resolution:
      integrity: sha512-1h/Lnq9yajKY2PEbBadPXj3VxsDDu844OnaAo52UVmIzIvwwtBPIuNvkjuzBlTWpfJyUbG3ez0KSBibQkj4ojg==
  /universal-user-agent/6.0.0:
    dev: true
    resolution:
      integrity: sha512-isyNax3wXoKaulPDZWHQqbmIx1k2tb9fb3GGDBRxCscfYV2Ch7WxPArBsFEG8s/safwXTT7H4QGhaIkTp9447w==
  /wrappy/1.0.2:
    dev: true
    resolution:
      integrity: sha1-tSQ9jz7BqjXxNkYFvA0QNuMKtp8=
